
Microsoft Visual Studio Solution File, Format Version 12.00
Project("{2150E333-8FDC-42A3-9474-1A3956D46DE8}") = "1. Host", "1. Host", "{D203761D-0633-41D2-A5DA-BB60C642D60F}"
EndProject
Project("{2150E333-8FDC-42A3-9474-1A3956D46DE8}") = "2. Feature", "2. Feature", "{46A0237A-F01A-45A6-9C67-DD2571D8D267}"
EndProject
Project("{2150E333-8FDC-42A3-9474-1A3956D46DE8}") = "3. Cross Cutting", "3. Cross Cutting", "{A734283C-36F6-4E23-8F5A-D227DAFB14C4}"
EndProject
Project("{2150E333-8FDC-42A3-9474-1A3956D46DE8}") = "1.1 Worker", "1.1 Worker", "{4990C275-5614-4BAF-B4C1-9F76D00EB589}"
EndProject
Project("{2150E333-8FDC-42A3-9474-1A3956D46DE8}") = "3.1 Core", "3.1 Core", "{77FD6627-F453-487A-B5BF-37657455122C}"
EndProject
Project("{2150E333-8FDC-42A3-9474-1A3956D46DE8}") = "3.2 Foundation", "3.2 Foundation", "{5A2B9D01-E757-4379-8333-A2DDA9282609}"
EndProject
Project("{FAE04EC0-301F-11D3-BF4B-00C04F79EFBC}") = "Monolith.Core", "src\Monolith.Core\Monolith.Core.csproj", "{54F0251D-9E08-4850-9C4E-48F7FE47E58D}"
EndProject
Project("{FAE04EC0-301F-11D3-BF4B-00C04F79EFBC}") = "Monolith.Core.Mvc", "src\Monolith.Core.Mvc\Monolith.Core.Mvc.csproj", "{0FD46213-DBEE-4156-AEC4-D399A1F55B72}"
EndProject
Project("{FAE04EC0-301F-11D3-BF4B-00C04F79EFBC}") = "Monolith.Web.Identity", "src\Monolith.Web.Identity\Monolith.Web.Identity.csproj", "{9EA375A6-F68F-4EF1-9FB4-CFBEF9A4BCCF}"
EndProject
Project("{FAE04EC0-301F-11D3-BF4B-00C04F79EFBC}") = "Monolith.Foundation.Messaging", "src\Monolith.Foundation.Messaging\Monolith.Foundation.Messaging.csproj", "{48F763FE-1287-4E17-8444-BA8CA946852C}"
EndProject
Project("{FAE04EC0-301F-11D3-BF4B-00C04F79EFBC}") = "Monolith.Foundation.Mail", "src\Monolith.Foundation.Mail\Monolith.Foundation.Mail.csproj", "{3F5AF153-AD45-49C3-9A4F-188504A4A12B}"
EndProject
Project("{FAE04EC0-301F-11D3-BF4B-00C04F79EFBC}") = "Monolith.Worker.Default", "src\Monolith.Worker.Default\Monolith.Worker.Default.csproj", "{F7E6459B-9DA9-4035-AD0D-DCF67BE61C76}"
EndProject
Global
	GlobalSection(SolutionConfigurationPlatforms) = preSolution
		Debug|Any CPU = Debug|Any CPU
		Release|Any CPU = Release|Any CPU
	EndGlobalSection
	GlobalSection(NestedProjects) = preSolution
		{4990C275-5614-4BAF-B4C1-9F76D00EB589} = {D203761D-0633-41D2-A5DA-BB60C642D60F}
		{77FD6627-F453-487A-B5BF-37657455122C} = {A734283C-36F6-4E23-8F5A-D227DAFB14C4}
		{5A2B9D01-E757-4379-8333-A2DDA9282609} = {A734283C-36F6-4E23-8F5A-D227DAFB14C4}
		{54F0251D-9E08-4850-9C4E-48F7FE47E58D} = {77FD6627-F453-487A-B5BF-37657455122C}
		{0FD46213-DBEE-4156-AEC4-D399A1F55B72} = {77FD6627-F453-487A-B5BF-37657455122C}
		{9EA375A6-F68F-4EF1-9FB4-CFBEF9A4BCCF} = {D203761D-0633-41D2-A5DA-BB60C642D60F}
		{48F763FE-1287-4E17-8444-BA8CA946852C} = {5A2B9D01-E757-4379-8333-A2DDA9282609}
		{3F5AF153-AD45-49C3-9A4F-188504A4A12B} = {5A2B9D01-E757-4379-8333-A2DDA9282609}
		{F7E6459B-9DA9-4035-AD0D-DCF67BE61C76} = {4990C275-5614-4BAF-B4C1-9F76D00EB589}
	EndGlobalSection
	GlobalSection(ProjectConfigurationPlatforms) = postSolution
		{54F0251D-9E08-4850-9C4E-48F7FE47E58D}.Debug|Any CPU.ActiveCfg = Debug|Any CPU
		{54F0251D-9E08-4850-9C4E-48F7FE47E58D}.Debug|Any CPU.Build.0 = Debug|Any CPU
		{54F0251D-9E08-4850-9C4E-48F7FE47E58D}.Release|Any CPU.ActiveCfg = Release|Any CPU
		{54F0251D-9E08-4850-9C4E-48F7FE47E58D}.Release|Any CPU.Build.0 = Release|Any CPU
		{0FD46213-DBEE-4156-AEC4-D399A1F55B72}.Debug|Any CPU.ActiveCfg = Debug|Any CPU
		{0FD46213-DBEE-4156-AEC4-D399A1F55B72}.Debug|Any CPU.Build.0 = Debug|Any CPU
		{0FD46213-DBEE-4156-AEC4-D399A1F55B72}.Release|Any CPU.ActiveCfg = Release|Any CPU
		{0FD46213-DBEE-4156-AEC4-D399A1F55B72}.Release|Any CPU.Build.0 = Release|Any CPU
		{9EA375A6-F68F-4EF1-9FB4-CFBEF9A4BCCF}.Debug|Any CPU.ActiveCfg = Debug|Any CPU
		{9EA375A6-F68F-4EF1-9FB4-CFBEF9A4BCCF}.Debug|Any CPU.Build.0 = Debug|Any CPU
		{9EA375A6-F68F-4EF1-9FB4-CFBEF9A4BCCF}.Release|Any CPU.ActiveCfg = Release|Any CPU
		{9EA375A6-F68F-4EF1-9FB4-CFBEF9A4BCCF}.Release|Any CPU.Build.0 = Release|Any CPU
		{48F763FE-1287-4E17-8444-BA8CA946852C}.Debug|Any CPU.ActiveCfg = Debug|Any CPU
		{48F763FE-1287-4E17-8444-BA8CA946852C}.Debug|Any CPU.Build.0 = Debug|Any CPU
		{48F763FE-1287-4E17-8444-BA8CA946852C}.Release|Any CPU.ActiveCfg = Release|Any CPU
		{48F763FE-1287-4E17-8444-BA8CA946852C}.Release|Any CPU.Build.0 = Release|Any CPU
		{3F5AF153-AD45-49C3-9A4F-188504A4A12B}.Debug|Any CPU.ActiveCfg = Debug|Any CPU
		{3F5AF153-AD45-49C3-9A4F-188504A4A12B}.Debug|Any CPU.Build.0 = Debug|Any CPU
		{3F5AF153-AD45-49C3-9A4F-188504A4A12B}.Release|Any CPU.ActiveCfg = Release|Any CPU
		{3F5AF153-AD45-49C3-9A4F-188504A4A12B}.Release|Any CPU.Build.0 = Release|Any CPU
		{F7E6459B-9DA9-4035-AD0D-DCF67BE61C76}.Debug|Any CPU.ActiveCfg = Debug|Any CPU
		{F7E6459B-9DA9-4035-AD0D-DCF67BE61C76}.Debug|Any CPU.Build.0 = Debug|Any CPU
		{F7E6459B-9DA9-4035-AD0D-DCF67BE61C76}.Release|Any CPU.ActiveCfg = Release|Any CPU
		{F7E6459B-9DA9-4035-AD0D-DCF67BE61C76}.Release|Any CPU.Build.0 = Release|Any CPU
	EndGlobalSection
EndGlobal
